
Microsoft Visual Studio Solution File, Format Version 12.00
# Visual Studio 2013
VisualStudioVersion = 12.0.21005.1
MinimumVisualStudioVersion = 10.0.40219.1
Project("{FAE04EC0-301F-11D3-BF4B-00C04F79EFBC}") = "PlayerCore", "PlayerCore\PlayerCore.csproj", "{1AF00E6C-CD12-4ADE-8679-64CC277DA4C6}"
EndProject
Project("{FAE04EC0-301F-11D3-BF4B-00C04F79EFBC}") = "APlayer", "testPlayCore\APlayer.csproj", "{556B5E82-0E95-4F5A-A56B-87FCA123EA8A}"
EndProject
Project("{FAE04EC0-301F-11D3-BF4B-00C04F79EFBC}") = "PlayController", "PlayControlor\PlayController.csproj", "{1DCD7EF6-39FB-4F49-AD03-5E60F2BCA0B4}"
EndProject
Project("{FAE04EC0-301F-11D3-BF4B-00C04F79EFBC}") = "WPFAPlayer", "WPFAPlayer\WPFAPlayer.csproj", "{1D64D11E-1958-4F45-8640-9B461475A04F}"
EndProject
Global
	GlobalSection(SolutionConfigurationPlatforms) = preSolution
		CD_ROM|Any CPU = CD_ROM|Any CPU
		CD_ROM|Mixed Platforms = CD_ROM|Mixed Platforms
		CD_ROM|x86 = CD_ROM|x86
		Debug|Any CPU = Debug|Any CPU
		Debug|Mixed Platforms = Debug|Mixed Platforms
		Debug|x86 = Debug|x86
		DVD-5|Any CPU = DVD-5|Any CPU
		DVD-5|Mixed Platforms = DVD-5|Mixed Platforms
		DVD-5|x86 = DVD-5|x86
		Release|Any CPU = Release|Any CPU
		Release|Mixed Platforms = Release|Mixed Platforms
		Release|x86 = Release|x86
		SingleImage|Any CPU = SingleImage|Any CPU
		SingleImage|Mixed Platforms = SingleImage|Mixed Platforms
		SingleImage|x86 = SingleImage|x86
	EndGlobalSection
	GlobalSection(ProjectConfigurationPlatforms) = postSolution
		{1AF00E6C-CD12-4ADE-8679-64CC277DA4C6}.CD_ROM|Any CPU.ActiveCfg = Release|Any CPU
		{1AF00E6C-CD12-4ADE-8679-64CC277DA4C6}.CD_ROM|Any CPU.Build.0 = Release|Any CPU
		{1AF00E6C-CD12-4ADE-8679-64CC277DA4C6}.CD_ROM|Mixed Platforms.ActiveCfg = Release|x86
		{1AF00E6C-CD12-4ADE-8679-64CC277DA4C6}.CD_ROM|Mixed Platforms.Build.0 = Release|x86
		{1AF00E6C-CD12-4ADE-8679-64CC277DA4C6}.CD_ROM|x86.ActiveCfg = Release|x86
		{1AF00E6C-CD12-4ADE-8679-64CC277DA4C6}.CD_ROM|x86.Build.0 = Release|x86
		{1AF00E6C-CD12-4ADE-8679-64CC277DA4C6}.Debug|Any CPU.ActiveCfg = Debug|Any CPU
		{1AF00E6C-CD12-4ADE-8679-64CC277DA4C6}.Debug|Any CPU.Build.0 = Debug|Any CPU
		{1AF00E6C-CD12-4ADE-8679-64CC277DA4C6}.Debug|Mixed Platforms.ActiveCfg = Debug|x86
		{1AF00E6C-CD12-4ADE-8679-64CC277DA4C6}.Debug|Mixed Platforms.Build.0 = Debug|x86
		{1AF00E6C-CD12-4ADE-8679-64CC277DA4C6}.Debug|x86.ActiveCfg = Debug|x86
		{1AF00E6C-CD12-4ADE-8679-64CC277DA4C6}.Debug|x86.Build.0 = Debug|x86
		{1AF00E6C-CD12-4ADE-8679-64CC277DA4C6}.DVD-5|Any CPU.ActiveCfg = Debug|Any CPU
		{1AF00E6C-CD12-4ADE-8679-64CC277DA4C6}.DVD-5|Any CPU.Build.0 = Debug|Any CPU
		{1AF00E6C-CD12-4ADE-8679-64CC277DA4C6}.DVD-5|Mixed Platforms.ActiveCfg = Debug|x86
		{1AF00E6C-CD12-4ADE-8679-64CC277DA4C6}.DVD-5|Mixed Platforms.Build.0 = Debug|x86
		{1AF00E6C-CD12-4ADE-8679-64CC277DA4C6}.DVD-5|x86.ActiveCfg = Debug|x86
		{1AF00E6C-CD12-4ADE-8679-64CC277DA4C6}.DVD-5|x86.Build.0 = Debug|x86
		{1AF00E6C-CD12-4ADE-8679-64CC277DA4C6}.Release|Any CPU.ActiveCfg = Release|Any CPU
		{1AF00E6C-CD12-4ADE-8679-64CC277DA4C6}.Release|Any CPU.Build.0 = Release|Any CPU
		{1AF00E6C-CD12-4ADE-8679-64CC277DA4C6}.Release|Mixed Platforms.ActiveCfg = Release|x86
		{1AF00E6C-CD12-4ADE-8679-64CC277DA4C6}.Release|Mixed Platforms.Build.0 = Release|x86
		{1AF00E6C-CD12-4ADE-8679-64CC277DA4C6}.Release|x86.ActiveCfg = Release|x86
		{1AF00E6C-CD12-4ADE-8679-64CC277DA4C6}.Release|x86.Build.0 = Release|x86
		{1AF00E6C-CD12-4ADE-8679-64CC277DA4C6}.SingleImage|Any CPU.ActiveCfg = Release|Any CPU
		{1AF00E6C-CD12-4ADE-8679-64CC277DA4C6}.SingleImage|Any CPU.Build.0 = Release|Any CPU
		{1AF00E6C-CD12-4ADE-8679-64CC277DA4C6}.SingleImage|Mixed Platforms.ActiveCfg = Release|x86
		{1AF00E6C-CD12-4ADE-8679-64CC277DA4C6}.SingleImage|Mixed Platforms.Build.0 = Release|x86
		{1AF00E6C-CD12-4ADE-8679-64CC277DA4C6}.SingleImage|x86.ActiveCfg = Release|x86
		{1AF00E6C-CD12-4ADE-8679-64CC277DA4C6}.SingleImage|x86.Build.0 = Release|x86
		{556B5E82-0E95-4F5A-A56B-87FCA123EA8A}.CD_ROM|Any CPU.ActiveCfg = Release|Any CPU
		{556B5E82-0E95-4F5A-A56B-87FCA123EA8A}.CD_ROM|Any CPU.Build.0 = Release|Any CPU
		{556B5E82-0E95-4F5A-A56B-87FCA123EA8A}.CD_ROM|Mixed Platforms.ActiveCfg = Release|x86
		{556B5E82-0E95-4F5A-A56B-87FCA123EA8A}.CD_ROM|Mixed Platforms.Build.0 = Release|x86
		{556B5E82-0E95-4F5A-A56B-87FCA123EA8A}.CD_ROM|x86.ActiveCfg = Release|x86
		{556B5E82-0E95-4F5A-A56B-87FCA123EA8A}.CD_ROM|x86.Build.0 = Release|x86
		{556B5E82-0E95-4F5A-A56B-87FCA123EA8A}.Debug|Any CPU.ActiveCfg = Debug|Any CPU
		{556B5E82-0E95-4F5A-A56B-87FCA123EA8A}.Debug|Any CPU.Build.0 = Debug|Any CPU
		{556B5E82-0E95-4F5A-A56B-87FCA123EA8A}.Debug|Mixed Platforms.ActiveCfg = Debug|x86
		{556B5E82-0E95-4F5A-A56B-87FCA123EA8A}.Debug|Mixed Platforms.Build.0 = Debug|x86
		{556B5E82-0E95-4F5A-A56B-87FCA123EA8A}.Debug|x86.ActiveCfg = Debug|x86
		{556B5E82-0E95-4F5A-A56B-87FCA123EA8A}.Debug|x86.Build.0 = Debug|x86
		{556B5E82-0E95-4F5A-A56B-87FCA123EA8A}.DVD-5|Any CPU.ActiveCfg = Debug|Any CPU
		{556B5E82-0E95-4F5A-A56B-87FCA123EA8A}.DVD-5|Any CPU.Build.0 = Debug|Any CPU
		{556B5E82-0E95-4F5A-A56B-87FCA123EA8A}.DVD-5|Mixed Platforms.ActiveCfg = Debug|x86
		{556B5E82-0E95-4F5A-A56B-87FCA123EA8A}.DVD-5|Mixed Platforms.Build.0 = Debug|x86
		{556B5E82-0E95-4F5A-A56B-87FCA123EA8A}.DVD-5|x86.ActiveCfg = Debug|x86
		{556B5E82-0E95-4F5A-A56B-87FCA123EA8A}.DVD-5|x86.Build.0 = Debug|x86
		{556B5E82-0E95-4F5A-A56B-87FCA123EA8A}.Release|Any CPU.ActiveCfg = Release|Any CPU
		{556B5E82-0E95-4F5A-A56B-87FCA123EA8A}.Release|Any CPU.Build.0 = Release|Any CPU
		{556B5E82-0E95-4F5A-A56B-87FCA123EA8A}.Release|Mixed Platforms.ActiveCfg = Release|x86
		{556B5E82-0E95-4F5A-A56B-87FCA123EA8A}.Release|Mixed Platforms.Build.0 = Release|x86
		{556B5E82-0E95-4F5A-A56B-87FCA123EA8A}.Release|x86.ActiveCfg = Release|x86
		{556B5E82-0E95-4F5A-A56B-87FCA123EA8A}.Release|x86.Build.0 = Release|x86
		{556B5E82-0E95-4F5A-A56B-87FCA123EA8A}.SingleImage|Any CPU.ActiveCfg = Release|Any CPU
		{556B5E82-0E95-4F5A-A56B-87FCA123EA8A}.SingleImage|Any CPU.Build.0 = Release|Any CPU
		{556B5E82-0E95-4F5A-A56B-87FCA123EA8A}.SingleImage|Mixed Platforms.ActiveCfg = Release|x86
		{556B5E82-0E95-4F5A-A56B-87FCA123EA8A}.SingleImage|Mixed Platforms.Build.0 = Release|x86
		{556B5E82-0E95-4F5A-A56B-87FCA123EA8A}.SingleImage|x86.ActiveCfg = Release|x86
		{556B5E82-0E95-4F5A-A56B-87FCA123EA8A}.SingleImage|x86.Build.0 = Release|x86
		{1DCD7EF6-39FB-4F49-AD03-5E60F2BCA0B4}.CD_ROM|Any CPU.ActiveCfg = Release|Any CPU
		{1DCD7EF6-39FB-4F49-AD03-5E60F2BCA0B4}.CD_ROM|Any CPU.Build.0 = Release|Any CPU
		{1DCD7EF6-39FB-4F49-AD03-5E60F2BCA0B4}.CD_ROM|Mixed Platforms.ActiveCfg = Release|Any CPU
		{1DCD7EF6-39FB-4F49-AD03-5E60F2BCA0B4}.CD_ROM|Mixed Platforms.Build.0 = Release|Any CPU
		{1DCD7EF6-39FB-4F49-AD03-5E60F2BCA0B4}.CD_ROM|x86.ActiveCfg = Release|Any CPU
		{1DCD7EF6-39FB-4F49-AD03-5E60F2BCA0B4}.Debug|Any CPU.ActiveCfg = Debug|Any CPU
		{1DCD7EF6-39FB-4F49-AD03-5E60F2BCA0B4}.Debug|Any CPU.Build.0 = Debug|Any CPU
		{1DCD7EF6-39FB-4F49-AD03-5E60F2BCA0B4}.Debug|Mixed Platforms.ActiveCfg = Debug|Any CPU
		{1DCD7EF6-39FB-4F49-AD03-5E60F2BCA0B4}.Debug|Mixed Platforms.Build.0 = Debug|Any CPU
		{1DCD7EF6-39FB-4F49-AD03-5E60F2BCA0B4}.Debug|x86.ActiveCfg = Debug|Any CPU
		{1DCD7EF6-39FB-4F49-AD03-5E60F2BCA0B4}.DVD-5|Any CPU.ActiveCfg = Debug|Any CPU
		{1DCD7EF6-39FB-4F49-AD03-5E60F2BCA0B4}.DVD-5|Any CPU.Build.0 = Debug|Any CPU
		{1DCD7EF6-39FB-4F49-AD03-5E60F2BCA0B4}.DVD-5|Mixed Platforms.ActiveCfg = Debug|Any CPU
		{1DCD7EF6-39FB-4F49-AD03-5E60F2BCA0B4}.DVD-5|Mixed Platforms.Build.0 = Debug|Any CPU
		{1DCD7EF6-39FB-4F49-AD03-5E60F2BCA0B4}.DVD-5|x86.ActiveCfg = Debug|Any CPU
		{1DCD7EF6-39FB-4F49-AD03-5E60F2BCA0B4}.Release|Any CPU.ActiveCfg = Release|Any CPU
		{1DCD7EF6-39FB-4F49-AD03-5E60F2BCA0B4}.Release|Any CPU.Build.0 = Release|Any CPU
		{1DCD7EF6-39FB-4F49-AD03-5E60F2BCA0B4}.Release|Mixed Platforms.ActiveCfg = Release|Any CPU
		{1DCD7EF6-39FB-4F49-AD03-5E60F2BCA0B4}.Release|Mixed Platforms.Build.0 = Release|Any CPU
		{1DCD7EF6-39FB-4F49-AD03-5E60F2BCA0B4}.Release|x86.ActiveCfg = Release|Any CPU
		{1DCD7EF6-39FB-4F49-AD03-5E60F2BCA0B4}.SingleImage|Any CPU.ActiveCfg = Release|Any CPU
		{1DCD7EF6-39FB-4F49-AD03-5E60F2BCA0B4}.SingleImage|Any CPU.Build.0 = Release|Any CPU
		{1DCD7EF6-39FB-4F49-AD03-5E60F2BCA0B4}.SingleImage|Mixed Platforms.ActiveCfg = Release|Any CPU
		{1DCD7EF6-39FB-4F49-AD03-5E60F2BCA0B4}.SingleImage|Mixed Platforms.Build.0 = Release|Any CPU
		{1DCD7EF6-39FB-4F49-AD03-5E60F2BCA0B4}.SingleImage|x86.ActiveCfg = Release|Any CPU
		{1D64D11E-1958-4F45-8640-9B461475A04F}.CD_ROM|Any CPU.ActiveCfg = Release|Any CPU
		{1D64D11E-1958-4F45-8640-9B461475A04F}.CD_ROM|Any CPU.Build.0 = Release|Any CPU
		{1D64D11E-1958-4F45-8640-9B461475A04F}.CD_ROM|Mixed Platforms.ActiveCfg = Release|Any CPU
		{1D64D11E-1958-4F45-8640-9B461475A04F}.CD_ROM|Mixed Platforms.Build.0 = Release|Any CPU
		{1D64D11E-1958-4F45-8640-9B461475A04F}.CD_ROM|x86.ActiveCfg = Release|Any CPU
		{1D64D11E-1958-4F45-8640-9B461475A04F}.Debug|Any CPU.ActiveCfg = Debug|Any CPU
		{1D64D11E-1958-4F45-8640-9B461475A04F}.Debug|Any CPU.Build.0 = Debug|Any CPU
		{1D64D11E-1958-4F45-8640-9B461475A04F}.Debug|Mixed Platforms.ActiveCfg = Debug|Any CPU
		{1D64D11E-1958-4F45-8640-9B461475A04F}.Debug|Mixed Platforms.Build.0 = Debug|Any CPU
		{1D64D11E-1958-4F45-8640-9B461475A04F}.Debug|x86.ActiveCfg = Debug|Any CPU
		{1D64D11E-1958-4F45-8640-9B461475A04F}.DVD-5|Any CPU.ActiveCfg = Debug|Any CPU
		{1D64D11E-1958-4F45-8640-9B461475A04F}.DVD-5|Any CPU.Build.0 = Debug|Any CPU
		{1D64D11E-1958-4F45-8640-9B461475A04F}.DVD-5|Mixed Platforms.ActiveCfg = Debug|Any CPU
		{1D64D11E-1958-4F45-8640-9B461475A04F}.DVD-5|Mixed Platforms.Build.0 = Debug|Any CPU
		{1D64D11E-1958-4F45-8640-9B461475A04F}.DVD-5|x86.ActiveCfg = Debug|Any CPU
		{1D64D11E-1958-4F45-8640-9B461475A04F}.Release|Any CPU.ActiveCfg = Release|Any CPU
		{1D64D11E-1958-4F45-8640-9B461475A04F}.Release|Any CPU.Build.0 = Release|Any CPU
		{1D64D11E-1958-4F45-8640-9B461475A04F}.Release|Mixed Platforms.ActiveCfg = Release|Any CPU
		{1D64D11E-1958-4F45-8640-9B461475A04F}.Release|Mixed Platforms.Build.0 = Release|Any CPU
		{1D64D11E-1958-4F45-8640-9B461475A04F}.Release|x86.ActiveCfg = Release|Any CPU
		{1D64D11E-1958-4F45-8640-9B461475A04F}.SingleImage|Any CPU.ActiveCfg = Release|Any CPU
		{1D64D11E-1958-4F45-8640-9B461475A04F}.SingleImage|Any CPU.Build.0 = Release|Any CPU
		{1D64D11E-1958-4F45-8640-9B461475A04F}.SingleImage|Mixed Platforms.ActiveCfg = Release|Any CPU
		{1D64D11E-1958-4F45-8640-9B461475A04F}.SingleImage|Mixed Platforms.Build.0 = Release|Any CPU
		{1D64D11E-1958-4F45-8640-9B461475A04F}.SingleImage|x86.ActiveCfg = Release|Any CPU
	EndGlobalSection
	GlobalSection(SolutionProperties) = preSolution
		HideSolutionNode = FALSE
	EndGlobalSection
EndGlobal
