
Microsoft Visual Studio Solution File, Format Version 12.00
# Visual Studio 2012
Project("{FAE04EC0-301F-11D3-BF4B-00C04F79EFBC}") = "PlayerCore", "PlayerCore\PlayerCore.csproj", "{1AF00E6C-CD12-4ADE-8679-64CC277DA4C6}"
EndProject
Project("{FAE04EC0-301F-11D3-BF4B-00C04F79EFBC}") = "testPlayCore", "testPlayCore\testPlayCore.csproj", "{556B5E82-0E95-4F5A-A56B-87FCA123EA8A}"
EndProject
Global
	GlobalSection(SolutionConfigurationPlatforms) = preSolution
		Debug|Any CPU = Debug|Any CPU
		Release|Any CPU = Release|Any CPU
	EndGlobalSection
	GlobalSection(ProjectConfigurationPlatforms) = postSolution
		{1AF00E6C-CD12-4ADE-8679-64CC277DA4C6}.Debug|Any CPU.ActiveCfg = Debug|Any CPU
		{1AF00E6C-CD12-4ADE-8679-64CC277DA4C6}.Debug|Any CPU.Build.0 = Debug|Any CPU
		{1AF00E6C-CD12-4ADE-8679-64CC277DA4C6}.Release|Any CPU.ActiveCfg = Release|Any CPU
		{1AF00E6C-CD12-4ADE-8679-64CC277DA4C6}.Release|Any CPU.Build.0 = Release|Any CPU
		{556B5E82-0E95-4F5A-A56B-87FCA123EA8A}.Debug|Any CPU.ActiveCfg = Debug|Any CPU
		{556B5E82-0E95-4F5A-A56B-87FCA123EA8A}.Debug|Any CPU.Build.0 = Debug|Any CPU
		{556B5E82-0E95-4F5A-A56B-87FCA123EA8A}.Release|Any CPU.ActiveCfg = Release|Any CPU
		{556B5E82-0E95-4F5A-A56B-87FCA123EA8A}.Release|Any CPU.Build.0 = Release|Any CPU
	EndGlobalSection
	GlobalSection(SolutionProperties) = preSolution
		HideSolutionNode = FALSE
	EndGlobalSection
EndGlobal
