<?xml version="1.0" encoding="utf-8"?>
<Project ToolsVersion="4.0" xmlns="http://schemas.microsoft.com/developer/msbuild/2003">
  <ItemGroup>
    <Filter Include="源文件">
      <UniqueIdentifier>{4FC737F1-C7A5-4376-A066-2A32D752A2FF}</UniqueIdentifier>
      <Extensions>cpp;c;cc;cxx;def;odl;idl;hpj;bat;asm;asmx</Extensions>
    </Filter>
    <Filter Include="头文件">
      <UniqueIdentifier>{93995380-89BD-4b04-88EB-625FBE52EBFB}</UniqueIdentifier>
      <Extensions>h;hh;hpp;hxx;hm;inl;inc;xsd</Extensions>
    </Filter>
    <Filter Include="资源文件">
      <UniqueIdentifier>{67DA6AB6-F800-4c08-8B7A-83BB121AAD01}</UniqueIdentifier>
      <Extensions>rc;ico;cur;bmp;dlg;rc2;rct;bin;rgs;gif;jpg;jpeg;jpe;resx;tiff;tif;png;wav;mfcribbon-ms</Extensions>
    </Filter>
    <Filter Include="TimerThread">
      <UniqueIdentifier>{c6b6d15f-bf0d-45d0-835f-2e7c339b4bc9}</UniqueIdentifier>
    </Filter>
  </ItemGroup>
  <ItemGroup>
    <Text Include="ReadMe.txt" />
  </ItemGroup>
  <ItemGroup>
    <ClInclude Include="stdafx.h">
      <Filter>头文件</Filter>
    </ClInclude>
    <ClInclude Include="targetver.h">
      <Filter>头文件</Filter>
    </ClInclude>
    <ClInclude Include="MusicFile.h">
      <Filter>头文件</Filter>
    </ClInclude>
    <ClInclude Include="libzplay.h">
      <Filter>头文件</Filter>
    </ClInclude>
    <ClInclude Include="MusicPlayer.h">
      <Filter>头文件</Filter>
    </ClInclude>
    <ClInclude Include="MusicList.h">
      <Filter>头文件</Filter>
    </ClInclude>
    <ClInclude Include="PlayCoreInterface.h">
      <Filter>头文件</Filter>
    </ClInclude>
    <ClInclude Include="PlayCoreHead.h">
      <Filter>头文件</Filter>
    </ClInclude>
    <ClInclude Include="PlayCore.h">
      <Filter>头文件</Filter>
    </ClInclude>
    <ClInclude Include="PlayController.h">
      <Filter>头文件</Filter>
    </ClInclude>
    <ClInclude Include="LyricFile.h">
      <Filter>头文件</Filter>
    </ClInclude>
    <ClInclude Include="..\Common\ScopeGuard.h">
      <Filter>头文件</Filter>
    </ClInclude>
    <ClInclude Include="..\LyricsForm\LyricsForm.h">
      <Filter>头文件</Filter>
    </ClInclude>
    <ClInclude Include="..\Common\TimerThread.h">
      <Filter>TimerThread</Filter>
    </ClInclude>
  </ItemGroup>
  <ItemGroup>
    <ClCompile Include="stdafx.cpp">
      <Filter>源文件</Filter>
    </ClCompile>
    <ClCompile Include="PlayCore.cpp">
      <Filter>源文件</Filter>
    </ClCompile>
    <ClCompile Include="dllmain.cpp">
      <Filter>源文件</Filter>
    </ClCompile>
    <ClCompile Include="MusicFile.cpp">
      <Filter>源文件</Filter>
    </ClCompile>
    <ClCompile Include="MusicPlayer.cpp">
      <Filter>源文件</Filter>
    </ClCompile>
    <ClCompile Include="MusicList.cpp">
      <Filter>源文件</Filter>
    </ClCompile>
    <ClCompile Include="PlayController.cpp">
      <Filter>源文件</Filter>
    </ClCompile>
    <ClCompile Include="LyricFile.cpp">
      <Filter>源文件</Filter>
    </ClCompile>
    <ClCompile Include="..\Common\TimerThread.cpp">
      <Filter>TimerThread</Filter>
    </ClCompile>
  </ItemGroup>
  <ItemGroup>
    <Library Include="libzplay.lib" />
    <Library Include="..\Debug\LyricsForm.lib" />
  </ItemGroup>
</Project>